# This file was autogenerated by Stack.
# You should not edit this file by hand.
# For more information, please see the documentation at:
#   https://docs.haskellstack.org/en/stable/lock_files

packages:
- completed:
    commit: 0b6912850dbffd14ed16c3fa26a0773c877ba093
    git: https://github.com/DaisukeBekki/nlp-tools.git
    name: nlp-tools
    pantry-tree:
      sha256: c04b1d8be835a5b33e762fca3abbe6348dc3ac2a79e701a886b6a23f432c4731
      size: 1727
    version: 0.1.9
  original:
    commit: 0b6912850dbffd14ed16c3fa26a0773c877ba093
    git: https://github.com/DaisukeBekki/nlp-tools.git
- completed:
    commit: 2d0fe9b2f0aa0e1aefc7bfed95a501e59486afb0
    git: https://github.com/fpco/inline-c
    name: inline-c
    pantry-tree:
      sha256: 1c0c27a2df1c09003147fd2e6082ff4b48aeab3acd4a77a3a4d4fb16c6d65ac2
      size: 1309
    subdir: inline-c
    version: 0.9.1.5
  original:
    commit: 2d0fe9b2f0aa0e1aefc7bfed95a501e59486afb0
    git: https://github.com/fpco/inline-c
    subdir: inline-c
- completed:
    commit: 2d0fe9b2f0aa0e1aefc7bfed95a501e59486afb0
    git: https://github.com/fpco/inline-c
    name: inline-c-cpp
    pantry-tree:
      sha256: f0513d05b29a956b19189b6a14a930582e768ddc3967743f82fe5417169738e0
      size: 1007
    subdir: inline-c-cpp
    version: 0.5.0.0
  original:
    commit: 2d0fe9b2f0aa0e1aefc7bfed95a501e59486afb0
    git: https://github.com/fpco/inline-c
    subdir: inline-c-cpp
snapshots:
- completed:
    sha256: d3ba2e94c3ccbd3da4949243c83b59667c5eb9ffc7646148661c16741bbad1d4
    size: 643623
    url: https://raw.githubusercontent.com/commercialhaskell/stackage-snapshots/master/nightly/2022/10/11.yaml
  original: nightly-2022-10-11
